// !$*UTF8*$!
{
	archiveVersion = 1;
	classes = {
	};
	objectVersion = 50;
	objects = {

/* Begin PBXBuildFile section */
		1807B62A2414E72E004CAEE6 /* FirstVC.swift in Sources */ = {isa = PBXBuildFile; fileRef = 1807B6292414E72E004CAEE6 /* FirstVC.swift */; };
		1807B62C2414E749004CAEE6 /* JournalsList.swift in Sources */ = {isa = PBXBuildFile; fileRef = 1807B62B2414E749004CAEE6 /* JournalsList.swift */; };
		18E8C7A32413866C0035F634 /* AppDelegate.swift in Sources */ = {isa = PBXBuildFile; fileRef = 18E8C7A22413866C0035F634 /* AppDelegate.swift */; };
		18E8C7A52413866C0035F634 /* SceneDelegate.swift in Sources */ = {isa = PBXBuildFile; fileRef = 18E8C7A42413866C0035F634 /* SceneDelegate.swift */; };
		18E8C7AA2413866C0035F634 /* Main.storyboard in Resources */ = {isa = PBXBuildFile; fileRef = 18E8C7A82413866C0035F634 /* Main.storyboard */; };
		18E8C7AD2413866C0035F634 /* Bullet_Journal.xcdatamodeld in Sources */ = {isa = PBXBuildFile; fileRef = 18E8C7AB2413866C0035F634 /* Bullet_Journal.xcdatamodeld */; };
		18E8C7AF2413866F0035F634 /* Assets.xcassets in Resources */ = {isa = PBXBuildFile; fileRef = 18E8C7AE2413866F0035F634 /* Assets.xcassets */; };
		18E8C7B22413866F0035F634 /* LaunchScreen.storyboard in Resources */ = {isa = PBXBuildFile; fileRef = 18E8C7B02413866F0035F634 /* LaunchScreen.storyboard */; };
		18E8C7BD2413866F0035F634 /* Bullet_JournalTests.swift in Sources */ = {isa = PBXBuildFile; fileRef = 18E8C7BC2413866F0035F634 /* Bullet_JournalTests.swift */; };
		18E8C7C82413866F0035F634 /* Bullet_JournalUITests.swift in Sources */ = {isa = PBXBuildFile; fileRef = 18E8C7C72413866F0035F634 /* Bullet_JournalUITests.swift */; };
/* End PBXBuildFile section */

/* Begin PBXContainerItemProxy section */
		18E8C7B92413866F0035F634 /* PBXContainerItemProxy */ = {
			isa = PBXContainerItemProxy;
			containerPortal = 18E8C7972413866C0035F634 /* Project object */;
			proxyType = 1;
			remoteGlobalIDString = 18E8C79E2413866C0035F634;
			remoteInfo = "Bullet Journal";
		};
		18E8C7C42413866F0035F634 /* PBXContainerItemProxy */ = {
			isa = PBXContainerItemProxy;
			containerPortal = 18E8C7972413866C0035F634 /* Project object */;
			proxyType = 1;
			remoteGlobalIDString = 18E8C79E2413866C0035F634;
			remoteInfo = "Bullet Journal";
		};
/* End PBXContainerItemProxy section */

/* Begin PBXFileReference section */
		1807B6292414E72E004CAEE6 /* FirstVC.swift */ = {isa = PBXFileReference; lastKnownFileType = sourcecode.swift; path = FirstVC.swift; sourceTree = "<group>"; };
		1807B62B2414E749004CAEE6 /* JournalsList.swift */ = {isa = PBXFileReference; lastKnownFileType = sourcecode.swift; path = JournalsList.swift; sourceTree = "<group>"; };
		18E8C79F2413866C0035F634 /* Bullet Journal.app */ = {isa = PBXFileReference; explicitFileType = wrapper.application; includeInIndex = 0; path = "Bullet Journal.app"; sourceTree = BUILT_PRODUCTS_DIR; };
		18E8C7A22413866C0035F634 /* AppDelegate.swift */ = {isa = PBXFileReference; lastKnownFileType = sourcecode.swift; path = AppDelegate.swift; sourceTree = "<group>"; };
		18E8C7A42413866C0035F634 /* SceneDelegate.swift */ = {isa = PBXFileReference; lastKnownFileType = sourcecode.swift; path = SceneDelegate.swift; sourceTree = "<group>"; };
		18E8C7A92413866C0035F634 /* Base */ = {isa = PBXFileReference; lastKnownFileType = file.storyboard; name = Base; path = Base.lproj/Main.storyboard; sourceTree = "<group>"; };
		18E8C7AC2413866C0035F634 /* Bullet_Journal.xcdatamodel */ = {isa = PBXFileReference; lastKnownFileType = wrapper.xcdatamodel; path = Bullet_Journal.xcdatamodel; sourceTree = "<group>"; };
		18E8C7AE2413866F0035F634 /* Assets.xcassets */ = {isa = PBXFileReference; lastKnownFileType = folder.assetcatalog; path = Assets.xcassets; sourceTree = "<group>"; };
		18E8C7B12413866F0035F634 /* Base */ = {isa = PBXFileReference; lastKnownFileType = file.storyboard; name = Base; path = Base.lproj/LaunchScreen.storyboard; sourceTree = "<group>"; };
		18E8C7B32413866F0035F634 /* Info.plist */ = {isa = PBXFileReference; lastKnownFileType = text.plist.xml; path = Info.plist; sourceTree = "<group>"; };
		18E8C7B82413866F0035F634 /* Bullet JournalTests.xctest */ = {isa = PBXFileReference; explicitFileType = wrapper.cfbundle; includeInIndex = 0; path = "Bullet JournalTests.xctest"; sourceTree = BUILT_PRODUCTS_DIR; };
		18E8C7BC2413866F0035F634 /* Bullet_JournalTests.swift */ = {isa = PBXFileReference; lastKnownFileType = sourcecode.swift; path = Bullet_JournalTests.swift; sourceTree = "<group>"; };
		18E8C7BE2413866F0035F634 /* Info.plist */ = {isa = PBXFileReference; lastKnownFileType = text.plist.xml; path = Info.plist; sourceTree = "<group>"; };
		18E8C7C32413866F0035F634 /* Bullet JournalUITests.xctest */ = {isa = PBXFileReference; explicitFileType = wrapper.cfbundle; includeInIndex = 0; path = "Bullet JournalUITests.xctest"; sourceTree = BUILT_PRODUCTS_DIR; };
		18E8C7C72413866F0035F634 /* Bullet_JournalUITests.swift */ = {isa = PBXFileReference; lastKnownFileType = sourcecode.swift; path = Bullet_JournalUITests.swift; sourceTree = "<group>"; };
		18E8C7C92413866F0035F634 /* Info.plist */ = {isa = PBXFileReference; lastKnownFileType = text.plist.xml; path = Info.plist; sourceTree = "<group>"; };
/* End PBXFileReference section */

/* Begin PBXFrameworksBuildPhase section */
		18E8C79C2413866C0035F634 /* Frameworks */ = {
			isa = PBXFrameworksBuildPhase;
			buildActionMask = 2147483647;
			files = (
			);
			runOnlyForDeploymentPostprocessing = 0;
		};
		18E8C7B52413866F0035F634 /* Frameworks */ = {
			isa = PBXFrameworksBuildPhase;
			buildActionMask = 2147483647;
			files = (
			);
			runOnlyForDeploymentPostprocessing = 0;
		};
		18E8C7C02413866F0035F634 /* Frameworks */ = {
			isa = PBXFrameworksBuildPhase;
			buildActionMask = 2147483647;
			files = (
			);
			runOnlyForDeploymentPostprocessing = 0;
		};
/* End PBXFrameworksBuildPhase section */

/* Begin PBXGroup section */
		18E8C7962413866C0035F634 = {
			isa = PBXGroup;
			children = (
				18E8C7A12413866C0035F634 /* Bullet Journal */,
				18E8C7BB2413866F0035F634 /* Bullet JournalTests */,
				18E8C7C62413866F0035F634 /* Bullet JournalUITests */,
				18E8C7A02413866C0035F634 /* Products */,
			);
			sourceTree = "<group>";
		};
		18E8C7A02413866C0035F634 /* Products */ = {
			isa = PBXGroup;
			children = (
				18E8C79F2413866C0035F634 /* Bullet Journal.app */,
				18E8C7B82413866F0035F634 /* Bullet JournalTests.xctest */,
				18E8C7C32413866F0035F634 /* Bullet JournalUITests.xctest */,
			);
			name = Products;
			sourceTree = "<group>";
		};
		18E8C7A12413866C0035F634 /* Bullet Journal */ = {
			isa = PBXGroup;
			children = (
				18E8C7A22413866C0035F634 /* AppDelegate.swift */,
				18E8C7A42413866C0035F634 /* SceneDelegate.swift */,
				18E8C7AE2413866F0035F634 /* Assets.xcassets */,
				1807B6292414E72E004CAEE6 /* FirstVC.swift */,
				1807B62B2414E749004CAEE6 /* JournalsList.swift */,
				18E8C7A82413866C0035F634 /* Main.storyboard */,
				18E8C7B02413866F0035F634 /* LaunchScreen.storyboard */,
				18E8C7B32413866F0035F634 /* Info.plist */,
				18E8C7AB2413866C0035F634 /* Bullet_Journal.xcdatamodeld */,
			);
			path = "Bullet Journal";
			sourceTree = "<group>";
		};
		18E8C7BB2413866F0035F634 /* Bullet JournalTests */ = {
			isa = PBXGroup;
			children = (
				18E8C7BC2413866F0035F634 /* Bullet_JournalTests.swift */,
				18E8C7BE2413866F0035F634 /* Info.plist */,
			);
			path = "Bullet JournalTests";
			sourceTree = "<group>";
		};
		18E8C7C62413866F0035F634 /* Bullet JournalUITests */ = {
			isa = PBXGroup;
			children = (
				18E8C7C72413866F0035F634 /* Bullet_JournalUITests.swift */,
				18E8C7C92413866F0035F634 /* Info.plist */,
			);
			path = "Bullet JournalUITests";
			sourceTree = "<group>";
		};
/* End PBXGroup section */

/* Begin PBXNativeTarget section */
		18E8C79E2413866C0035F634 /* Bullet Journal */ = {
			isa = PBXNativeTarget;
			buildConfigurationList = 18E8C7CC2413866F0035F634 /* Build configuration list for PBXNativeTarget "Bullet Journal" */;
			buildPhases = (
				18E8C79B2413866C0035F634 /* Sources */,
				18E8C79C2413866C0035F634 /* Frameworks */,
				18E8C79D2413866C0035F634 /* Resources */,
			);
			buildRules = (
			);
			dependencies = (
			);
			name = "Bullet Journal";
			productName = "Bullet Journal";
			productReference = 18E8C79F2413866C0035F634 /* Bullet Journal.app */;
			productType = "com.apple.product-type.application";
		};
		18E8C7B72413866F0035F634 /* Bullet JournalTests */ = {
			isa = PBXNativeTarget;
			buildConfigurationList = 18E8C7CF2413866F0035F634 /* Build configuration list for PBXNativeTarget "Bullet JournalTests" */;
			buildPhases = (
				18E8C7B42413866F0035F634 /* Sources */,
				18E8C7B52413866F0035F634 /* Frameworks */,
				18E8C7B62413866F0035F634 /* Resources */,
			);
			buildRules = (
			);
			dependencies = (
				18E8C7BA2413866F0035F634 /* PBXTargetDependency */,
			);
			name = "Bullet JournalTests";
			productName = "Bullet JournalTests";
			productReference = 18E8C7B82413866F0035F634 /* Bullet JournalTests.xctest */;
			productType = "com.apple.product-type.bundle.unit-test";
		};
		18E8C7C22413866F0035F634 /* Bullet JournalUITests */ = {
			isa = PBXNativeTarget;
			buildConfigurationList = 18E8C7D22413866F0035F634 /* Build configuration list for PBXNativeTarget "Bullet JournalUITests" */;
			buildPhases = (
				18E8C7BF2413866F0035F634 /* Sources */,
				18E8C7C02413866F0035F634 /* Frameworks */,
				18E8C7C12413866F0035F634 /* Resources */,
			);
			buildRules = (
			);
			dependencies = (
				18E8C7C52413866F0035F634 /* PBXTargetDependency */,
			);
			name = "Bullet JournalUITests";
			productName = "Bullet JournalUITests";
			productReference = 18E8C7C32413866F0035F634 /* Bullet JournalUITests.xctest */;
			productType = "com.apple.product-type.bundle.ui-testing";
		};
/* End PBXNativeTarget section */

/* Begin PBXProject section */
		18E8C7972413866C0035F634 /* Project object */ = {
			isa = PBXProject;
			attributes = {
				LastSwiftUpdateCheck = 1130;
				LastUpgradeCheck = 1130;
				ORGANIZATIONNAME = "Hieu Le";
				TargetAttributes = {
					18E8C79E2413866C0035F634 = {
						CreatedOnToolsVersion = 11.3;
					};
					18E8C7B72413866F0035F634 = {
						CreatedOnToolsVersion = 11.3;
						TestTargetID = 18E8C79E2413866C0035F634;
					};
					18E8C7C22413866F0035F634 = {
						CreatedOnToolsVersion = 11.3;
						TestTargetID = 18E8C79E2413866C0035F634;
					};
				};
			};
			buildConfigurationList = 18E8C79A2413866C0035F634 /* Build configuration list for PBXProject "Bullet Journal" */;
			compatibilityVersion = "Xcode 9.3";
			developmentRegion = en;
			hasScannedForEncodings = 0;
			knownRegions = (
				en,
				Base,
			);
			mainGroup = 18E8C7962413866C0035F634;
			productRefGroup = 18E8C7A02413866C0035F634 /* Products */;
			projectDirPath = "";
			projectRoot = "";
			targets = (
				18E8C79E2413866C0035F634 /* Bullet Journal */,
				18E8C7B72413866F0035F634 /* Bullet JournalTests */,
				18E8C7C22413866F0035F634 /* Bullet JournalUITests */,
			);
		};
/* End PBXProject section */

/* Begin PBXResourcesBuildPhase section */
		18E8C79D2413866C0035F634 /* Resources */ = {
			isa = PBXResourcesBuildPhase;
			buildActionMask = 2147483647;
			files = (
				18E8C7B22413866F0035F634 /* LaunchScreen.storyboard in Resources */,
				18E8C7AF2413866F0035F634 /* Assets.xcassets in Resources */,
				18E8C7AA2413866C0035F634 /* Main.storyboard in Resources */,
			);
			runOnlyForDeploymentPostprocessing = 0;
		};
		18E8C7B62413866F0035F634 /* Resources */ = {
			isa = PBXResourcesBuildPhase;
			buildActionMask = 2147483647;
			files = (
			);
			runOnlyForDeploymentPostprocessing = 0;
		};
		18E8C7C12413866F0035F634 /* Resources */ = {
			isa = PBXResourcesBuildPhase;
			buildActionMask = 2147483647;
			files = (
			);
			runOnlyForDeploymentPostprocessing = 0;
		};
/* End PBXResourcesBuildPhase section */

/* Begin PBXSourcesBuildPhase section */
		18E8C79B2413866C0035F634 /* Sources */ = {
			isa = PBXSourcesBuildPhase;
			buildActionMask = 2147483647;
			files = (
				1807B62C2414E749004CAEE6 /* JournalsList.swift in Sources */,
				18E8C7AD2413866C0035F634 /* Bullet_Journal.xcdatamodeld in Sources */,
				1807B62A2414E72E004CAEE6 /* FirstVC.swift in Sources */,
				18E8C7A32413866C0035F634 /* AppDelegate.swift in Sources */,
				18E8C7A52413866C0035F634 /* SceneDelegate.swift in Sources */,
			);
			runOnlyForDeploymentPostprocessing = 0;
		};
		18E8C7B42413866F0035F634 /* Sources */ = {
			isa = PBXSourcesBuildPhase;
			buildActionMask = 2147483647;
			files = (
				18E8C7BD2413866F0035F634 /* Bullet_JournalTests.swift in Sources */,
			);
			runOnlyForDeploymentPostprocessing = 0;
		};
		18E8C7BF2413866F0035F634 /* Sources */ = {
			isa = PBXSourcesBuildPhase;
			buildActionMask = 2147483647;
			files = (
				18E8C7C82413866F0035F634 /* Bullet_JournalUITests.swift in Sources */,
			);
			runOnlyForDeploymentPostprocessing = 0;
		};
/* End PBXSourcesBuildPhase section */

/* Begin PBXTargetDependency section */
		18E8C7BA2413866F0035F634 /* PBXTargetDependency */ = {
			isa = PBXTargetDependency;
			target = 18E8C79E2413866C0035F634 /* Bullet Journal */;
			targetProxy = 18E8C7B92413866F0035F634 /* PBXContainerItemProxy */;
		};
		18E8C7C52413866F0035F634 /* PBXTargetDependency */ = {
			isa = PBXTargetDependency;
			target = 18E8C79E2413866C0035F634 /* Bullet Journal */;
			targetProxy = 18E8C7C42413866F0035F634 /* PBXContainerItemProxy */;
		};
/* End PBXTargetDependency section */

/* Begin PBXVariantGroup section */
		18E8C7A82413866C0035F634 /* Main.storyboard */ = {
			isa = PBXVariantGroup;
			children = (
				18E8C7A92413866C0035F634 /* Base */,
			);
			name = Main.storyboard;
			sourceTree = "<group>";
		};
		18E8C7B02413866F0035F634 /* LaunchScreen.storyboard */ = {
			isa = PBXVariantGroup;
			children = (
				18E8C7B12413866F0035F634 /* Base */,
			);
			name = LaunchScreen.storyboard;
			sourceTree = "<group>";
		};
/* End PBXVariantGroup section */

/* Begin XCBuildConfiguration section */
		18E8C7CA2413866F0035F634 /* Debug */ = {
			isa = XCBuildConfiguration;
			buildSettings = {
				ALWAYS_SEARCH_USER_PATHS = NO;
				CLANG_ANALYZER_NONNULL = YES;
				CLANG_ANALYZER_NUMBER_OBJECT_CONVERSION = YES_AGGRESSIVE;
				CLANG_CXX_LANGUAGE_STANDARD = "gnu++14";
				CLANG_CXX_LIBRARY = "libc++";
				CLANG_ENABLE_MODULES = YES;
				CLANG_ENABLE_OBJC_ARC = YES;
				CLANG_ENABLE_OBJC_WEAK = YES;
				CLANG_WARN_BLOCK_CAPTURE_AUTORELEASING = YES;
				CLANG_WARN_BOOL_CONVERSION = YES;
				CLANG_WARN_COMMA = YES;
				CLANG_WARN_CONSTANT_CONVERSION = YES;
				CLANG_WARN_DEPRECATED_OBJC_IMPLEMENTATIONS = YES;
				CLANG_WARN_DIRECT_OBJC_ISA_USAGE = YES_ERROR;
				CLANG_WARN_DOCUMENTATION_COMMENTS = YES;
				CLANG_WARN_EMPTY_BODY = YES;
				CLANG_WARN_ENUM_CONVERSION = YES;
				CLANG_WARN_INFINITE_RECURSION = YES;
				CLANG_WARN_INT_CONVERSION = YES;
				CLANG_WARN_NON_LITERAL_NULL_CONVERSION = YES;
				CLANG_WARN_OBJC_IMPLICIT_RETAIN_SELF = YES;
				CLANG_WARN_OBJC_LITERAL_CONVERSION = YES;
				CLANG_WARN_OBJC_ROOT_CLASS = YES_ERROR;
				CLANG_WARN_RANGE_LOOP_ANALYSIS = YES;
				CLANG_WARN_STRICT_PROTOTYPES = YES;
				CLANG_WARN_SUSPICIOUS_MOVE = YES;
				CLANG_WARN_UNGUARDED_AVAILABILITY = YES_AGGRESSIVE;
				CLANG_WARN_UNREACHABLE_CODE = YES;
				CLANG_WARN__DUPLICATE_METHOD_MATCH = YES;
				COPY_PHASE_STRIP = NO;
				DEBUG_INFORMATION_FORMAT = dwarf;
				ENABLE_STRICT_OBJC_MSGSEND = YES;
				ENABLE_TESTABILITY = YES;
				GCC_C_LANGUAGE_STANDARD = gnu11;
				GCC_DYNAMIC_NO_PIC = NO;
				GCC_NO_COMMON_BLOCKS = YES;
				GCC_OPTIMIZATION_LEVEL = 0;
				GCC_PREPROCESSOR_DEFINITIONS = (
					"DEBUG=1",
					"$(inherited)",
				);
				GCC_WARN_64_TO_32_BIT_CONVERSION = YES;
				GCC_WARN_ABOUT_RETURN_TYPE = YES_ERROR;
				GCC_WARN_UNDECLARED_SELECTOR = YES;
				GCC_WARN_UNINITIALIZED_AUTOS = YES_AGGRESSIVE;
				GCC_WARN_UNUSED_FUNCTION = YES;
				GCC_WARN_UNUSED_VARIABLE = YES;
				IPHONEOS_DEPLOYMENT_TARGET = 13.2;
				MTL_ENABLE_DEBUG_INFO = INCLUDE_SOURCE;
				MTL_FAST_MATH = YES;
				ONLY_ACTIVE_ARCH = YES;
				SDKROOT = iphoneos;
				SWIFT_ACTIVE_COMPILATION_CONDITIONS = DEBUG;
				SWIFT_OPTIMIZATION_LEVEL = "-Onone";
			};
			name = Debug;
		};
		18E8C7CB2413866F0035F634 /* Release */ = {
			isa = XCBuildConfiguration;
			buildSettings = {
				ALWAYS_SEARCH_USER_PATHS = NO;
				CLANG_ANALYZER_NONNULL = YES;
				CLANG_ANALYZER_NUMBER_OBJECT_CONVERSION = YES_AGGRESSIVE;
				CLANG_CXX_LANGUAGE_STANDARD = "gnu++14";
				CLANG_CXX_LIBRARY = "libc++";
				CLANG_ENABLE_MODULES = YES;
				CLANG_ENABLE_OBJC_ARC = YES;
				CLANG_ENABLE_OBJC_WEAK = YES;
				CLANG_WARN_BLOCK_CAPTURE_AUTORELEASING = YES;
				CLANG_WARN_BOOL_CONVERSION = YES;
				CLANG_WARN_COMMA = YES;
				CLANG_WARN_CONSTANT_CONVERSION = YES;
				CLANG_WARN_DEPRECATED_OBJC_IMPLEMENTATIONS = YES;
				CLANG_WARN_DIRECT_OBJC_ISA_USAGE = YES_ERROR;
				CLANG_WARN_DOCUMENTATION_COMMENTS = YES;
				CLANG_WARN_EMPTY_BODY = YES;
				CLANG_WARN_ENUM_CONVERSION = YES;
				CLANG_WARN_INFINITE_RECURSION = YES;
				CLANG_WARN_INT_CONVERSION = YES;
				CLANG_WARN_NON_LITERAL_NULL_CONVERSION = YES;
				CLANG_WARN_OBJC_IMPLICIT_RETAIN_SELF = YES;
				CLANG_WARN_OBJC_LITERAL_CONVERSION = YES;
				CLANG_WARN_OBJC_ROOT_CLASS = YES_ERROR;
				CLANG_WARN_RANGE_LOOP_ANALYSIS = YES;
				CLANG_WARN_STRICT_PROTOTYPES = YES;
				CLANG_WARN_SUSPICIOUS_MOVE = YES;
				CLANG_WARN_UNGUARDED_AVAILABILITY = YES_AGGRESSIVE;
				CLANG_WARN_UNREACHABLE_CODE = YES;
				CLANG_WARN__DUPLICATE_METHOD_MATCH = YES;
				COPY_PHASE_STRIP = NO;
				DEBUG_INFORMATION_FORMAT = "dwarf-with-dsym";
				ENABLE_NS_ASSERTIONS = NO;
				ENABLE_STRICT_OBJC_MSGSEND = YES;
				GCC_C_LANGUAGE_STANDARD = gnu11;
				GCC_NO_COMMON_BLOCKS = YES;
				GCC_WARN_64_TO_32_BIT_CONVERSION = YES;
				GCC_WARN_ABOUT_RETURN_TYPE = YES_ERROR;
				GCC_WARN_UNDECLARED_SELECTOR = YES;
				GCC_WARN_UNINITIALIZED_AUTOS = YES_AGGRESSIVE;
				GCC_WARN_UNUSED_FUNCTION = YES;
				GCC_WARN_UNUSED_VARIABLE = YES;
				IPHONEOS_DEPLOYMENT_TARGET = 13.2;
				MTL_ENABLE_DEBUG_INFO = NO;
				MTL_FAST_MATH = YES;
				SDKROOT = iphoneos;
				SWIFT_COMPILATION_MODE = wholemodule;
				SWIFT_OPTIMIZATION_LEVEL = "-O";
				VALIDATE_PRODUCT = YES;
			};
			name = Release;
		};
		18E8C7CD2413866F0035F634 /* Debug */ = {
			isa = XCBuildConfiguration;
			buildSettings = {
				ASSETCATALOG_COMPILER_APPICON_NAME = AppIcon;
				CODE_SIGN_STYLE = Automatic;
				DEVELOPMENT_TEAM = 6MNF3C75T3;
				INFOPLIST_FILE = "Bullet Journal/Info.plist";
				LD_RUNPATH_SEARCH_PATHS = (
					"$(inherited)",
					"@executable_path/Frameworks",
				);
				PRODUCT_BUNDLE_IDENTIFIER = "com.hieule.Bullet-Journal";
				PRODUCT_NAME = "$(TARGET_NAME)";
				SWIFT_VERSION = 5.0;
				TARGETED_DEVICE_FAMILY = "1,2";
			};
			name = Debug;
		};
		18E8C7CE2413866F0035F634 /* Release */ = {
			isa = XCBuildConfiguration;
			buildSettings = {
				ASSETCATALOG_COMPILER_APPICON_NAME = AppIcon;
				CODE_SIGN_STYLE = Automatic;
				DEVELOPMENT_TEAM = 6MNF3C75T3;
				INFOPLIST_FILE = "Bullet Journal/Info.plist";
				LD_RUNPATH_SEARCH_PATHS = (
					"$(inherited)",
					"@executable_path/Frameworks",
				);
				PRODUCT_BUNDLE_IDENTIFIER = "com.hieule.Bullet-Journal";
				PRODUCT_NAME = "$(TARGET_NAME)";
				SWIFT_VERSION = 5.0;
				TARGETED_DEVICE_FAMILY = "1,2";
			};
			name = Release;
		};
		18E8C7D02413866F0035F634 /* Debug */ = {
			isa = XCBuildConfiguration;
			buildSettings = {
				ALWAYS_EMBED_SWIFT_STANDARD_LIBRARIES = YES;
				BUNDLE_LOADER = "$(TEST_HOST)";
				CODE_SIGN_STYLE = Automatic;
				DEVELOPMENT_TEAM = 6MNF3C75T3;
				INFOPLIST_FILE = "Bullet JournalTests/Info.plist";
				IPHONEOS_DEPLOYMENT_TARGET = 13.2;
				LD_RUNPATH_SEARCH_PATHS = (
					"$(inherited)",
					"@executable_path/Frameworks",
					"@loader_path/Frameworks",
				);
				PRODUCT_BUNDLE_IDENTIFIER = "com.hieule.Bullet-JournalTests";
				PRODUCT_NAME = "$(TARGET_NAME)";
				SWIFT_VERSION = 5.0;
				TARGETED_DEVICE_FAMILY = "1,2";
				TEST_HOST = "$(BUILT_PRODUCTS_DIR)/Bullet Journal.app/Bullet Journal";
			};
			name = Debug;
		};
		18E8C7D12413866F0035F634 /* Release */ = {
			isa = XCBuildConfiguration;
			buildSettings = {
				ALWAYS_EMBED_SWIFT_STANDARD_LIBRARIES = YES;
				BUNDLE_LOADER = "$(TEST_HOST)";
				CODE_SIGN_STYLE = Automatic;
				DEVELOPMENT_TEAM = 6MNF3C75T3;
				INFOPLIST_FILE = "Bullet JournalTests/Info.plist";
				IPHONEOS_DEPLOYMENT_TARGET = 13.2;
				LD_RUNPATH_SEARCH_PATHS = (
					"$(inherited)",
					"@executable_path/Frameworks",
					"@loader_path/Frameworks",
				);
				PRODUCT_BUNDLE_IDENTIFIER = "com.hieule.Bullet-JournalTests";
				PRODUCT_NAME = "$(TARGET_NAME)";
				SWIFT_VERSION = 5.0;
				TARGETED_DEVICE_FAMILY = "1,2";
				TEST_HOST = "$(BUILT_PRODUCTS_DIR)/Bullet Journal.app/Bullet Journal";
			};
			name = Release;
		};
		18E8C7D32413866F0035F634 /* Debug */ = {
			isa = XCBuildConfiguration;
			buildSettings = {
				ALWAYS_EMBED_SWIFT_STANDARD_LIBRARIES = YES;
				CODE_SIGN_STYLE = Automatic;
				DEVELOPMENT_TEAM = 6MNF3C75T3;
				INFOPLIST_FILE = "Bullet JournalUITests/Info.plist";
				LD_RUNPATH_SEARCH_PATHS = (
					"$(inherited)",
					"@executable_path/Frameworks",
					"@loader_path/Frameworks",
				);
				PRODUCT_BUNDLE_IDENTIFIER = "com.hieule.Bullet-JournalUITests";
				PRODUCT_NAME = "$(TARGET_NAME)";
				SWIFT_VERSION = 5.0;
				TARGETED_DEVICE_FAMILY = "1,2";
				TEST_TARGET_NAME = "Bullet Journal";
			};
			name = Debug;
		};
		18E8C7D42413866F0035F634 /* Release */ = {
			isa = XCBuildConfiguration;
			buildSettings = {
				ALWAYS_EMBED_SWIFT_STANDARD_LIBRARIES = YES;
				CODE_SIGN_STYLE = Automatic;
				DEVELOPMENT_TEAM = 6MNF3C75T3;
				INFOPLIST_FILE = "Bullet JournalUITests/Info.plist";
				LD_RUNPATH_SEARCH_PATHS = (
					"$(inherited)",
					"@executable_path/Frameworks",
					"@loader_path/Frameworks",
				);
				PRODUCT_BUNDLE_IDENTIFIER = "com.hieule.Bullet-JournalUITests";
				PRODUCT_NAME = "$(TARGET_NAME)";
				SWIFT_VERSION = 5.0;
				TARGETED_DEVICE_FAMILY = "1,2";
				TEST_TARGET_NAME = "Bullet Journal";
			};
			name = Release;
		};
/* End XCBuildConfiguration section */

/* Begin XCConfigurationList section */
		18E8C79A2413866C0035F634 /* Build configuration list for PBXProject "Bullet Journal" */ = {
			isa = XCConfigurationList;
			buildConfigurations = (
				18E8C7CA2413866F0035F634 /* Debug */,
				18E8C7CB2413866F0035F634 /* Release */,
			);
			defaultConfigurationIsVisible = 0;
			defaultConfigurationName = Release;
		};
		18E8C7CC2413866F0035F634 /* Build configuration list for PBXNativeTarget "Bullet Journal" */ = {
			isa = XCConfigurationList;
			buildConfigurations = (
				18E8C7CD2413866F0035F634 /* Debug */,
				18E8C7CE2413866F0035F634 /* Release */,
			);
			defaultConfigurationIsVisible = 0;
			defaultConfigurationName = Release;
		};
		18E8C7CF2413866F0035F634 /* Build configuration list for PBXNativeTarget "Bullet JournalTests" */ = {
			isa = XCConfigurationList;
			buildConfigurations = (
				18E8C7D02413866F0035F634 /* Debug */,
				18E8C7D12413866F0035F634 /* Release */,
			);
			defaultConfigurationIsVisible = 0;
			defaultConfigurationName = Release;
		};
		18E8C7D22413866F0035F634 /* Build configuration list for PBXNativeTarget "Bullet JournalUITests" */ = {
			isa = XCConfigurationList;
			buildConfigurations = (
				18E8C7D32413866F0035F634 /* Debug */,
				18E8C7D42413866F0035F634 /* Release */,
			);
			defaultConfigurationIsVisible = 0;
			defaultConfigurationName = Release;
		};
/* End XCConfigurationList section */

/* Begin XCVersionGroup section */
		18E8C7AB2413866C0035F634 /* Bullet_Journal.xcdatamodeld */ = {
			isa = XCVersionGroup;
			children = (
				18E8C7AC2413866C0035F634 /* Bullet_Journal.xcdatamodel */,
			);
			currentVersion = 18E8C7AC2413866C0035F634 /* Bullet_Journal.xcdatamodel */;
			path = Bullet_Journal.xcdatamodeld;
			sourceTree = "<group>";
			versionGroupType = wrapper.xcdatamodel;
		};
/* End XCVersionGroup section */
	};
	rootObject = 18E8C7972413866C0035F634 /* Project object */;
}
